
Microsoft Visual Studio Solution File, Format Version 12.00
# Visual Studio Version 17
VisualStudioVersion = 17.11.35303.130
MinimumVisualStudioVersion = 10.0.40219.1
Project("{FAE04EC0-301F-11D3-BF4B-00C04F79EFBC}") = "DrawingForm", "MyDrawing\DrawingForm.csproj", "{8709DEEF-9D52-408E-9776-CE30C794DAC6}"
EndProject
Project("{FAE04EC0-301F-11D3-BF4B-00C04F79EFBC}") = "DrawingFormTests", "DrawingFormTests\DrawingFormTests.csproj", "{7FED0CEC-1887-4371-90B6-EF1CE0044D89}"
EndProject
Global
	GlobalSection(SolutionConfigurationPlatforms) = preSolution
		Debug|Any CPU = Debug|Any CPU
		Release|Any CPU = Release|Any CPU
	EndGlobalSection
	GlobalSection(ProjectConfigurationPlatforms) = postSolution
		{8709DEEF-9D52-408E-9776-CE30C794DAC6}.Debug|Any CPU.ActiveCfg = Debug|Any CPU
		{8709DEEF-9D52-408E-9776-CE30C794DAC6}.Debug|Any CPU.Build.0 = Debug|Any CPU
		{8709DEEF-9D52-408E-9776-CE30C794DAC6}.Release|Any CPU.ActiveCfg = Release|Any CPU
		{8709DEEF-9D52-408E-9776-CE30C794DAC6}.Release|Any CPU.Build.0 = Release|Any CPU
		{7FED0CEC-1887-4371-90B6-EF1CE0044D89}.Debug|Any CPU.ActiveCfg = Debug|Any CPU
		{7FED0CEC-1887-4371-90B6-EF1CE0044D89}.Debug|Any CPU.Build.0 = Debug|Any CPU
		{7FED0CEC-1887-4371-90B6-EF1CE0044D89}.Release|Any CPU.ActiveCfg = Release|Any CPU
		{7FED0CEC-1887-4371-90B6-EF1CE0044D89}.Release|Any CPU.Build.0 = Release|Any CPU
	EndGlobalSection
	GlobalSection(SolutionProperties) = preSolution
		HideSolutionNode = FALSE
	EndGlobalSection
	GlobalSection(ExtensibilityGlobals) = postSolution
		SolutionGuid = {0F73290C-24DC-4E21-9231-14499D0AE7B5}
	EndGlobalSection
EndGlobal
